
Microsoft Visual Studio Solution File, Format Version 12.00
# Visual Studio Version 17
VisualStudioVersion = 17.10.34916.146
MinimumVisualStudioVersion = 10.0.40219.1
Project("{9A19103F-16F7-4668-BE54-9A1E7A4F7556}") = "TestProject.API", "TestProject.API\TestProject.API.csproj", "{4AD0F51E-AB41-4516-B16D-029B3E8674A8}"
EndProject
Project("{9A19103F-16F7-4668-BE54-9A1E7A4F7556}") = "TestProject.Infrustrucure", "TestProject.Infrustrucure\TestProject.Infrustrucure.csproj", "{C60FE67C-C4AF-4B98-A0BB-EEC3BDAA5A62}"
EndProject
Project("{9A19103F-16F7-4668-BE54-9A1E7A4F7556}") = "TestProject.Service", "TestProject.Service\TestProject.Service.csproj", "{1463C81E-25F8-4B74-9091-7750CA763DC8}"
EndProject
Project("{9A19103F-16F7-4668-BE54-9A1E7A4F7556}") = "TestProject.Data", "TestProject.Data\TestProject.Data.csproj", "{EE2C1894-BEEF-4FC2-9747-B5192E3A1879}"
EndProject
Project("{9A19103F-16F7-4668-BE54-9A1E7A4F7556}") = "TestProject.Core", "TestProject.Core\TestProject.Core.csproj", "{2C936859-4C60-4A99-A9E3-9D5899A0F19C}"
EndProject
Global
	GlobalSection(SolutionConfigurationPlatforms) = preSolution
		Debug|Any CPU = Debug|Any CPU
		Release|Any CPU = Release|Any CPU
	EndGlobalSection
	GlobalSection(ProjectConfigurationPlatforms) = postSolution
		{4AD0F51E-AB41-4516-B16D-029B3E8674A8}.Debug|Any CPU.ActiveCfg = Debug|Any CPU
		{4AD0F51E-AB41-4516-B16D-029B3E8674A8}.Debug|Any CPU.Build.0 = Debug|Any CPU
		{4AD0F51E-AB41-4516-B16D-029B3E8674A8}.Release|Any CPU.ActiveCfg = Release|Any CPU
		{4AD0F51E-AB41-4516-B16D-029B3E8674A8}.Release|Any CPU.Build.0 = Release|Any CPU
		{C60FE67C-C4AF-4B98-A0BB-EEC3BDAA5A62}.Debug|Any CPU.ActiveCfg = Debug|Any CPU
		{C60FE67C-C4AF-4B98-A0BB-EEC3BDAA5A62}.Debug|Any CPU.Build.0 = Debug|Any CPU
		{C60FE67C-C4AF-4B98-A0BB-EEC3BDAA5A62}.Release|Any CPU.ActiveCfg = Release|Any CPU
		{C60FE67C-C4AF-4B98-A0BB-EEC3BDAA5A62}.Release|Any CPU.Build.0 = Release|Any CPU
		{1463C81E-25F8-4B74-9091-7750CA763DC8}.Debug|Any CPU.ActiveCfg = Debug|Any CPU
		{1463C81E-25F8-4B74-9091-7750CA763DC8}.Debug|Any CPU.Build.0 = Debug|Any CPU
		{1463C81E-25F8-4B74-9091-7750CA763DC8}.Release|Any CPU.ActiveCfg = Release|Any CPU
		{1463C81E-25F8-4B74-9091-7750CA763DC8}.Release|Any CPU.Build.0 = Release|Any CPU
		{EE2C1894-BEEF-4FC2-9747-B5192E3A1879}.Debug|Any CPU.ActiveCfg = Debug|Any CPU
		{EE2C1894-BEEF-4FC2-9747-B5192E3A1879}.Debug|Any CPU.Build.0 = Debug|Any CPU
		{EE2C1894-BEEF-4FC2-9747-B5192E3A1879}.Release|Any CPU.ActiveCfg = Release|Any CPU
		{EE2C1894-BEEF-4FC2-9747-B5192E3A1879}.Release|Any CPU.Build.0 = Release|Any CPU
		{2C936859-4C60-4A99-A9E3-9D5899A0F19C}.Debug|Any CPU.ActiveCfg = Debug|Any CPU
		{2C936859-4C60-4A99-A9E3-9D5899A0F19C}.Debug|Any CPU.Build.0 = Debug|Any CPU
		{2C936859-4C60-4A99-A9E3-9D5899A0F19C}.Release|Any CPU.ActiveCfg = Release|Any CPU
		{2C936859-4C60-4A99-A9E3-9D5899A0F19C}.Release|Any CPU.Build.0 = Release|Any CPU
	EndGlobalSection
	GlobalSection(SolutionProperties) = preSolution
		HideSolutionNode = FALSE
	EndGlobalSection
	GlobalSection(ExtensibilityGlobals) = postSolution
		SolutionGuid = {1BF9F80E-E63A-4578-8206-E968EF07164C}
	EndGlobalSection
EndGlobal
